// !$*UTF8*$!
{
	archiveVersion = 1;
	classes = {
	};
	objectVersion = 55;
	objects = {

/* Begin PBXBuildFile section */
		77313E332895B162000D1FA7 /* AppDelegate.swift in Sources */ = {isa = PBXBuildFile; fileRef = 77313E322895B162000D1FA7 /* AppDelegate.swift */; };
		77313E352895B162000D1FA7 /* SceneDelegate.swift in Sources */ = {isa = PBXBuildFile; fileRef = 77313E342895B162000D1FA7 /* SceneDelegate.swift */; };
		77313E3C2895B163000D1FA7 /* Assets.xcassets in Resources */ = {isa = PBXBuildFile; fileRef = 77313E3B2895B163000D1FA7 /* Assets.xcassets */; };
		77313E3F2895B163000D1FA7 /* LaunchScreen.storyboard in Resources */ = {isa = PBXBuildFile; fileRef = 77313E3D2895B163000D1FA7 /* LaunchScreen.storyboard */; };
		77313E482895B4B0000D1FA7 /* CurrencySelectionViewController.swift in Sources */ = {isa = PBXBuildFile; fileRef = 77313E472895B4B0000D1FA7 /* CurrencySelectionViewController.swift */; };
		77313E4A2895B4B9000D1FA7 /* CurrencySelectionInteractor.swift in Sources */ = {isa = PBXBuildFile; fileRef = 77313E492895B4B9000D1FA7 /* CurrencySelectionInteractor.swift */; };
		77313E4C2895B4D1000D1FA7 /* CurrencySelectionPresenter.swift in Sources */ = {isa = PBXBuildFile; fileRef = 77313E4B2895B4D1000D1FA7 /* CurrencySelectionPresenter.swift */; };
		77313E4E2895B4D8000D1FA7 /* CurrencySelectionRouter.swift in Sources */ = {isa = PBXBuildFile; fileRef = 77313E4D2895B4D8000D1FA7 /* CurrencySelectionRouter.swift */; };
		77313E502895B4E2000D1FA7 /* CurrencySelectionModel.swift in Sources */ = {isa = PBXBuildFile; fileRef = 77313E4F2895B4E2000D1FA7 /* CurrencySelectionModel.swift */; };
		77313E5A2895B71E000D1FA7 /* View+Extensions.swift in Sources */ = {isa = PBXBuildFile; fileRef = 77313E592895B71E000D1FA7 /* View+Extensions.swift */; };
		77313E652895BAE2000D1FA7 /* Localization.swift in Sources */ = {isa = PBXBuildFile; fileRef = 77313E642895BAE2000D1FA7 /* Localization.swift */; };
		77313E672895BBD6000D1FA7 /* String+Extensions.swift in Sources */ = {isa = PBXBuildFile; fileRef = 77313E662895BBD6000D1FA7 /* String+Extensions.swift */; };
		77313E692895BE66000D1FA7 /* Localizable.strings in Resources */ = {isa = PBXBuildFile; fileRef = 77313E682895BE66000D1FA7 /* Localizable.strings */; };
		77313E6C2895C084000D1FA7 /* CommonButton.swift in Sources */ = {isa = PBXBuildFile; fileRef = 77313E6B2895C084000D1FA7 /* CommonButton.swift */; };
		77313E6E2895C8BA000D1FA7 /* UnderlinedTextField.swift in Sources */ = {isa = PBXBuildFile; fileRef = 77313E6D2895C8BA000D1FA7 /* UnderlinedTextField.swift */; };
		77313E702895D981000D1FA7 /* CurrencyView.swift in Sources */ = {isa = PBXBuildFile; fileRef = 77313E6F2895D981000D1FA7 /* CurrencyView.swift */; };
		77313E722895DFA8000D1FA7 /* UIImage+Extensions.swift in Sources */ = {isa = PBXBuildFile; fileRef = 77313E712895DFA8000D1FA7 /* UIImage+Extensions.swift */; };
		77313E752895FD72000D1FA7 /* NetworkClient.swift in Sources */ = {isa = PBXBuildFile; fileRef = 77313E742895FD72000D1FA7 /* NetworkClient.swift */; };
		77313E782896FE99000D1FA7 /* ConversionResultModel.swift in Sources */ = {isa = PBXBuildFile; fileRef = 77313E772896FE99000D1FA7 /* ConversionResultModel.swift */; };
		77313E7A2896FEE6000D1FA7 /* CurrencyNetwork.swift in Sources */ = {isa = PBXBuildFile; fileRef = 77313E792896FEE6000D1FA7 /* CurrencyNetwork.swift */; };
		77313E7F2897293F000D1FA7 /* MyControl.swift in Sources */ = {isa = PBXBuildFile; fileRef = 77313E7E2897293F000D1FA7 /* MyControl.swift */; };
		77313E8128972B90000D1FA7 /* UIWindow+Extensions.swift in Sources */ = {isa = PBXBuildFile; fileRef = 77313E8028972B90000D1FA7 /* UIWindow+Extensions.swift */; };
		77313E8328972BC2000D1FA7 /* PopupPickerView.swift in Sources */ = {isa = PBXBuildFile; fileRef = 77313E8228972BC2000D1FA7 /* PopupPickerView.swift */; };
		77313E8D28972D80000D1FA7 /* ConversionResultPresenter.swift in Sources */ = {isa = PBXBuildFile; fileRef = 77313E8828972D80000D1FA7 /* ConversionResultPresenter.swift */; };
		77313E8F28972D80000D1FA7 /* ConversionResultnteractor.swift in Sources */ = {isa = PBXBuildFile; fileRef = 77313E8C28972D80000D1FA7 /* ConversionResultnteractor.swift */; };
		77313E9028972D80000D1FA7 /* ConversionResultRouter.swift in Sources */ = {isa = PBXBuildFile; fileRef = 77313E8A28972D80000D1FA7 /* ConversionResultRouter.swift */; };
		77313E9128972D80000D1FA7 /* ConversionResultViewController.swift in Sources */ = {isa = PBXBuildFile; fileRef = 77313E8628972D80000D1FA7 /* ConversionResultViewController.swift */; };
		77313E9428974CC9000D1FA7 /* SuccessViewController.swift in Sources */ = {isa = PBXBuildFile; fileRef = 77313E9328974CC9000D1FA7 /* SuccessViewController.swift */; };
		77313E962897AD11000D1FA7 /* SuccessRouter.swift in Sources */ = {isa = PBXBuildFile; fileRef = 77313E952897AD11000D1FA7 /* SuccessRouter.swift */; };
		77313E982897AD19000D1FA7 /* SuccessPresenter.swift in Sources */ = {isa = PBXBuildFile; fileRef = 77313E972897AD19000D1FA7 /* SuccessPresenter.swift */; };
		77313E9A2897AFEE000D1FA7 /* SuccessModel.swift in Sources */ = {isa = PBXBuildFile; fileRef = 77313E992897AFEE000D1FA7 /* SuccessModel.swift */; };
/* End PBXBuildFile section */

/* Begin PBXFileReference section */
		77313E2F2895B162000D1FA7 /* HamiltonAssessmentTask.app */ = {isa = PBXFileReference; explicitFileType = wrapper.application; includeInIndex = 0; path = HamiltonAssessmentTask.app; sourceTree = BUILT_PRODUCTS_DIR; };
		77313E322895B162000D1FA7 /* AppDelegate.swift */ = {isa = PBXFileReference; lastKnownFileType = sourcecode.swift; path = AppDelegate.swift; sourceTree = "<group>"; };
		77313E342895B162000D1FA7 /* SceneDelegate.swift */ = {isa = PBXFileReference; lastKnownFileType = sourcecode.swift; path = SceneDelegate.swift; sourceTree = "<group>"; };
		77313E3B2895B163000D1FA7 /* Assets.xcassets */ = {isa = PBXFileReference; lastKnownFileType = folder.assetcatalog; path = Assets.xcassets; sourceTree = "<group>"; };
		77313E3E2895B163000D1FA7 /* Base */ = {isa = PBXFileReference; lastKnownFileType = file.storyboard; name = Base; path = Base.lproj/LaunchScreen.storyboard; sourceTree = "<group>"; };
		77313E402895B163000D1FA7 /* Info.plist */ = {isa = PBXFileReference; lastKnownFileType = text.plist.xml; path = Info.plist; sourceTree = "<group>"; };
		77313E472895B4B0000D1FA7 /* CurrencySelectionViewController.swift */ = {isa = PBXFileReference; lastKnownFileType = sourcecode.swift; path = CurrencySelectionViewController.swift; sourceTree = "<group>"; };
		77313E492895B4B9000D1FA7 /* CurrencySelectionInteractor.swift */ = {isa = PBXFileReference; lastKnownFileType = sourcecode.swift; path = CurrencySelectionInteractor.swift; sourceTree = "<group>"; };
		77313E4B2895B4D1000D1FA7 /* CurrencySelectionPresenter.swift */ = {isa = PBXFileReference; lastKnownFileType = sourcecode.swift; path = CurrencySelectionPresenter.swift; sourceTree = "<group>"; };
		77313E4D2895B4D8000D1FA7 /* CurrencySelectionRouter.swift */ = {isa = PBXFileReference; lastKnownFileType = sourcecode.swift; path = CurrencySelectionRouter.swift; sourceTree = "<group>"; };
		77313E4F2895B4E2000D1FA7 /* CurrencySelectionModel.swift */ = {isa = PBXFileReference; lastKnownFileType = sourcecode.swift; path = CurrencySelectionModel.swift; sourceTree = "<group>"; };
		77313E592895B71E000D1FA7 /* View+Extensions.swift */ = {isa = PBXFileReference; lastKnownFileType = sourcecode.swift; path = "View+Extensions.swift"; sourceTree = "<group>"; };
		77313E642895BAE2000D1FA7 /* Localization.swift */ = {isa = PBXFileReference; lastKnownFileType = sourcecode.swift; path = Localization.swift; sourceTree = "<group>"; };
		77313E662895BBD6000D1FA7 /* String+Extensions.swift */ = {isa = PBXFileReference; lastKnownFileType = sourcecode.swift; path = "String+Extensions.swift"; sourceTree = "<group>"; };
		77313E682895BE66000D1FA7 /* Localizable.strings */ = {isa = PBXFileReference; lastKnownFileType = text.plist.strings; path = Localizable.strings; sourceTree = "<group>"; };
		77313E6B2895C084000D1FA7 /* CommonButton.swift */ = {isa = PBXFileReference; lastKnownFileType = sourcecode.swift; path = CommonButton.swift; sourceTree = "<group>"; };
		77313E6D2895C8BA000D1FA7 /* UnderlinedTextField.swift */ = {isa = PBXFileReference; lastKnownFileType = sourcecode.swift; path = UnderlinedTextField.swift; sourceTree = "<group>"; };
		77313E6F2895D981000D1FA7 /* CurrencyView.swift */ = {isa = PBXFileReference; lastKnownFileType = sourcecode.swift; path = CurrencyView.swift; sourceTree = "<group>"; };
		77313E712895DFA8000D1FA7 /* UIImage+Extensions.swift */ = {isa = PBXFileReference; lastKnownFileType = sourcecode.swift; path = "UIImage+Extensions.swift"; sourceTree = "<group>"; };
		77313E742895FD72000D1FA7 /* NetworkClient.swift */ = {isa = PBXFileReference; lastKnownFileType = sourcecode.swift; path = NetworkClient.swift; sourceTree = "<group>"; };
		77313E772896FE99000D1FA7 /* ConversionResultModel.swift */ = {isa = PBXFileReference; lastKnownFileType = sourcecode.swift; path = ConversionResultModel.swift; sourceTree = "<group>"; };
		77313E792896FEE6000D1FA7 /* CurrencyNetwork.swift */ = {isa = PBXFileReference; lastKnownFileType = sourcecode.swift; path = CurrencyNetwork.swift; sourceTree = "<group>"; };
		77313E7E2897293F000D1FA7 /* MyControl.swift */ = {isa = PBXFileReference; lastKnownFileType = sourcecode.swift; path = MyControl.swift; sourceTree = "<group>"; };
		77313E8028972B90000D1FA7 /* UIWindow+Extensions.swift */ = {isa = PBXFileReference; lastKnownFileType = sourcecode.swift; path = "UIWindow+Extensions.swift"; sourceTree = "<group>"; };
		77313E8228972BC2000D1FA7 /* PopupPickerView.swift */ = {isa = PBXFileReference; lastKnownFileType = sourcecode.swift; path = PopupPickerView.swift; sourceTree = "<group>"; };
		77313E8628972D80000D1FA7 /* ConversionResultViewController.swift */ = {isa = PBXFileReference; lastKnownFileType = sourcecode.swift; path = ConversionResultViewController.swift; sourceTree = "<group>"; };
		77313E8828972D80000D1FA7 /* ConversionResultPresenter.swift */ = {isa = PBXFileReference; lastKnownFileType = sourcecode.swift; path = ConversionResultPresenter.swift; sourceTree = "<group>"; };
		77313E8A28972D80000D1FA7 /* ConversionResultRouter.swift */ = {isa = PBXFileReference; lastKnownFileType = sourcecode.swift; path = ConversionResultRouter.swift; sourceTree = "<group>"; };
		77313E8C28972D80000D1FA7 /* ConversionResultnteractor.swift */ = {isa = PBXFileReference; lastKnownFileType = sourcecode.swift; path = ConversionResultnteractor.swift; sourceTree = "<group>"; };
		77313E9328974CC9000D1FA7 /* SuccessViewController.swift */ = {isa = PBXFileReference; lastKnownFileType = sourcecode.swift; path = SuccessViewController.swift; sourceTree = "<group>"; };
		77313E952897AD11000D1FA7 /* SuccessRouter.swift */ = {isa = PBXFileReference; lastKnownFileType = sourcecode.swift; path = SuccessRouter.swift; sourceTree = "<group>"; };
		77313E972897AD19000D1FA7 /* SuccessPresenter.swift */ = {isa = PBXFileReference; lastKnownFileType = sourcecode.swift; path = SuccessPresenter.swift; sourceTree = "<group>"; };
		77313E992897AFEE000D1FA7 /* SuccessModel.swift */ = {isa = PBXFileReference; lastKnownFileType = sourcecode.swift; path = SuccessModel.swift; sourceTree = "<group>"; };
/* End PBXFileReference section */

/* Begin PBXFrameworksBuildPhase section */
		77313E2C2895B162000D1FA7 /* Frameworks */ = {
			isa = PBXFrameworksBuildPhase;
			buildActionMask = 2147483647;
			files = (
			);
			runOnlyForDeploymentPostprocessing = 0;
		};
/* End PBXFrameworksBuildPhase section */

/* Begin PBXGroup section */
		77313E262895B162000D1FA7 = {
			isa = PBXGroup;
			children = (
				77313E312895B162000D1FA7 /* HamiltonAssessmentTask */,
				77313E302895B162000D1FA7 /* Products */,
			);
			sourceTree = "<group>";
		};
		77313E302895B162000D1FA7 /* Products */ = {
			isa = PBXGroup;
			children = (
				77313E2F2895B162000D1FA7 /* HamiltonAssessmentTask.app */,
			);
			name = Products;
			sourceTree = "<group>";
		};
		77313E312895B162000D1FA7 /* HamiltonAssessmentTask */ = {
			isa = PBXGroup;
			children = (
				77313E732895FAED000D1FA7 /* Network */,
				77313E6A2895C074000D1FA7 /* Views */,
				77313E5D2895BA47000D1FA7 /* Utility */,
				77313E582895B709000D1FA7 /* Extensions */,
				77313E462895B3E7000D1FA7 /* CurrencySelectionModule */,
				77313E762896FE78000D1FA7 /*  ConversionResultModule */,
				77313E9228974CB7000D1FA7 /* SuccessModule */,
				77313E322895B162000D1FA7 /* AppDelegate.swift */,
				77313E342895B162000D1FA7 /* SceneDelegate.swift */,
				77313E3B2895B163000D1FA7 /* Assets.xcassets */,
				77313E3D2895B163000D1FA7 /* LaunchScreen.storyboard */,
				77313E402895B163000D1FA7 /* Info.plist */,
			);
			path = HamiltonAssessmentTask;
			sourceTree = "<group>";
		};
		77313E462895B3E7000D1FA7 /* CurrencySelectionModule */ = {
			isa = PBXGroup;
			children = (
				77313E572895B5E7000D1FA7 /* Interactor */,
				77313E562895B5D7000D1FA7 /* Router */,
				77313E552895B5CC000D1FA7 /* Presenter */,
				77313E522895B561000D1FA7 /* ViewController */,
				77313E4F2895B4E2000D1FA7 /* CurrencySelectionModel.swift */,
			);
			path = CurrencySelectionModule;
			sourceTree = "<group>";
		};
		77313E522895B561000D1FA7 /* ViewController */ = {
			isa = PBXGroup;
			children = (
				77313E472895B4B0000D1FA7 /* CurrencySelectionViewController.swift */,
			);
			path = ViewController;
			sourceTree = "<group>";
		};
		77313E552895B5CC000D1FA7 /* Presenter */ = {
			isa = PBXGroup;
			children = (
				77313E4B2895B4D1000D1FA7 /* CurrencySelectionPresenter.swift */,
			);
			path = Presenter;
			sourceTree = "<group>";
		};
		77313E562895B5D7000D1FA7 /* Router */ = {
			isa = PBXGroup;
			children = (
				77313E4D2895B4D8000D1FA7 /* CurrencySelectionRouter.swift */,
			);
			path = Router;
			sourceTree = "<group>";
		};
		77313E572895B5E7000D1FA7 /* Interactor */ = {
			isa = PBXGroup;
			children = (
				77313E492895B4B9000D1FA7 /* CurrencySelectionInteractor.swift */,
			);
			path = Interactor;
			sourceTree = "<group>";
		};
		77313E582895B709000D1FA7 /* Extensions */ = {
			isa = PBXGroup;
			children = (
				77313E592895B71E000D1FA7 /* View+Extensions.swift */,
				77313E662895BBD6000D1FA7 /* String+Extensions.swift */,
				77313E712895DFA8000D1FA7 /* UIImage+Extensions.swift */,
				77313E8028972B90000D1FA7 /* UIWindow+Extensions.swift */,
			);
			path = Extensions;
			sourceTree = "<group>";
		};
		77313E5D2895BA47000D1FA7 /* Utility */ = {
			isa = PBXGroup;
			children = (
				77313E632895BAB1000D1FA7 /* Localization */,
			);
			path = Utility;
			sourceTree = "<group>";
		};
		77313E632895BAB1000D1FA7 /* Localization */ = {
			isa = PBXGroup;
			children = (
				77313E642895BAE2000D1FA7 /* Localization.swift */,
				77313E682895BE66000D1FA7 /* Localizable.strings */,
			);
			path = Localization;
			sourceTree = "<group>";
		};
		77313E6A2895C074000D1FA7 /* Views */ = {
			isa = PBXGroup;
			children = (
				77313E6B2895C084000D1FA7 /* CommonButton.swift */,
				77313E6D2895C8BA000D1FA7 /* UnderlinedTextField.swift */,
				77313E6F2895D981000D1FA7 /* CurrencyView.swift */,
				77313E7E2897293F000D1FA7 /* MyControl.swift */,
				77313E8228972BC2000D1FA7 /* PopupPickerView.swift */,
			);
			path = Views;
			sourceTree = "<group>";
		};
		77313E732895FAED000D1FA7 /* Network */ = {
			isa = PBXGroup;
			children = (
				77313E742895FD72000D1FA7 /* NetworkClient.swift */,
				77313E792896FEE6000D1FA7 /* CurrencyNetwork.swift */,
			);
			path = Network;
			sourceTree = "<group>";
		};
		77313E762896FE78000D1FA7 /*  ConversionResultModule */ = {
			isa = PBXGroup;
			children = (
				77313E8B28972D80000D1FA7 /* Interactor */,
				77313E8928972D80000D1FA7 /* Router */,
				77313E8728972D80000D1FA7 /* Presenter */,
				77313E8528972D80000D1FA7 /* ViewController */,
				77313E772896FE99000D1FA7 /* ConversionResultModel.swift */,
			);
			path = " ConversionResultModule";
			sourceTree = "<group>";
		};
		77313E8528972D80000D1FA7 /* ViewController */ = {
			isa = PBXGroup;
			children = (
				77313E8628972D80000D1FA7 /* ConversionResultViewController.swift */,
			);
			path = ViewController;
			sourceTree = "<group>";
		};
		77313E8728972D80000D1FA7 /* Presenter */ = {
			isa = PBXGroup;
			children = (
				77313E8828972D80000D1FA7 /* ConversionResultPresenter.swift */,
			);
			path = Presenter;
			sourceTree = "<group>";
		};
		77313E8928972D80000D1FA7 /* Router */ = {
			isa = PBXGroup;
			children = (
				77313E8A28972D80000D1FA7 /* ConversionResultRouter.swift */,
			);
			path = Router;
			sourceTree = "<group>";
		};
		77313E8B28972D80000D1FA7 /* Interactor */ = {
			isa = PBXGroup;
			children = (
				77313E8C28972D80000D1FA7 /* ConversionResultnteractor.swift */,
			);
			path = Interactor;
			sourceTree = "<group>";
		};
		77313E9228974CB7000D1FA7 /* SuccessModule */ = {
			isa = PBXGroup;
			children = (
				77313E9328974CC9000D1FA7 /* SuccessViewController.swift */,
				77313E952897AD11000D1FA7 /* SuccessRouter.swift */,
				77313E972897AD19000D1FA7 /* SuccessPresenter.swift */,
				77313E992897AFEE000D1FA7 /* SuccessModel.swift */,
			);
			path = SuccessModule;
			sourceTree = "<group>";
		};
/* End PBXGroup section */

/* Begin PBXNativeTarget section */
		77313E2E2895B162000D1FA7 /* HamiltonAssessmentTask */ = {
			isa = PBXNativeTarget;
			buildConfigurationList = 77313E432895B163000D1FA7 /* Build configuration list for PBXNativeTarget "HamiltonAssessmentTask" */;
			buildPhases = (
				77313E2B2895B162000D1FA7 /* Sources */,
				77313E2C2895B162000D1FA7 /* Frameworks */,
				77313E2D2895B162000D1FA7 /* Resources */,
			);
			buildRules = (
			);
			dependencies = (
			);
			name = HamiltonAssessmentTask;
			productName = HamiltonAssessmentTask;
			productReference = 77313E2F2895B162000D1FA7 /* HamiltonAssessmentTask.app */;
			productType = "com.apple.product-type.application";
		};
/* End PBXNativeTarget section */

/* Begin PBXProject section */
		77313E272895B162000D1FA7 /* Project object */ = {
			isa = PBXProject;
			attributes = {
				BuildIndependentTargetsInParallel = 1;
				LastSwiftUpdateCheck = 1340;
				LastUpgradeCheck = 1340;
				TargetAttributes = {
					77313E2E2895B162000D1FA7 = {
						CreatedOnToolsVersion = 13.4.1;
					};
				};
			};
			buildConfigurationList = 77313E2A2895B162000D1FA7 /* Build configuration list for PBXProject "HamiltonAssessmentTask" */;
			compatibilityVersion = "Xcode 13.0";
			developmentRegion = en;
			hasScannedForEncodings = 0;
			knownRegions = (
				en,
				Base,
			);
			mainGroup = 77313E262895B162000D1FA7;
			productRefGroup = 77313E302895B162000D1FA7 /* Products */;
			projectDirPath = "";
			projectRoot = "";
			targets = (
				77313E2E2895B162000D1FA7 /* HamiltonAssessmentTask */,
			);
		};
/* End PBXProject section */

/* Begin PBXResourcesBuildPhase section */
		77313E2D2895B162000D1FA7 /* Resources */ = {
			isa = PBXResourcesBuildPhase;
			buildActionMask = 2147483647;
			files = (
				77313E3F2895B163000D1FA7 /* LaunchScreen.storyboard in Resources */,
				77313E692895BE66000D1FA7 /* Localizable.strings in Resources */,
				77313E3C2895B163000D1FA7 /* Assets.xcassets in Resources */,
			);
			runOnlyForDeploymentPostprocessing = 0;
		};
/* End PBXResourcesBuildPhase section */

/* Begin PBXSourcesBuildPhase section */
		77313E2B2895B162000D1FA7 /* Sources */ = {
			isa = PBXSourcesBuildPhase;
			buildActionMask = 2147483647;
			files = (
				77313E482895B4B0000D1FA7 /* CurrencySelectionViewController.swift in Sources */,
				77313E722895DFA8000D1FA7 /* UIImage+Extensions.swift in Sources */,
				77313E5A2895B71E000D1FA7 /* View+Extensions.swift in Sources */,
				77313E6C2895C084000D1FA7 /* CommonButton.swift in Sources */,
				77313E502895B4E2000D1FA7 /* CurrencySelectionModel.swift in Sources */,
				77313E4C2895B4D1000D1FA7 /* CurrencySelectionPresenter.swift in Sources */,
				77313E982897AD19000D1FA7 /* SuccessPresenter.swift in Sources */,
				77313E4A2895B4B9000D1FA7 /* CurrencySelectionInteractor.swift in Sources */,
				77313E782896FE99000D1FA7 /* ConversionResultModel.swift in Sources */,
				77313E652895BAE2000D1FA7 /* Localization.swift in Sources */,
				77313E6E2895C8BA000D1FA7 /* UnderlinedTextField.swift in Sources */,
				77313E702895D981000D1FA7 /* CurrencyView.swift in Sources */,
				77313E332895B162000D1FA7 /* AppDelegate.swift in Sources */,
				77313E752895FD72000D1FA7 /* NetworkClient.swift in Sources */,
				77313E8328972BC2000D1FA7 /* PopupPickerView.swift in Sources */,
				77313E7F2897293F000D1FA7 /* MyControl.swift in Sources */,
				77313E8F28972D80000D1FA7 /* ConversionResultnteractor.swift in Sources */,
				77313E8128972B90000D1FA7 /* UIWindow+Extensions.swift in Sources */,
				77313E9028972D80000D1FA7 /* ConversionResultRouter.swift in Sources */,
				77313E9428974CC9000D1FA7 /* SuccessViewController.swift in Sources */,
				77313E352895B162000D1FA7 /* SceneDelegate.swift in Sources */,
				77313E8D28972D80000D1FA7 /* ConversionResultPresenter.swift in Sources */,
				77313E9128972D80000D1FA7 /* ConversionResultViewController.swift in Sources */,
				77313E9A2897AFEE000D1FA7 /* SuccessModel.swift in Sources */,
				77313E7A2896FEE6000D1FA7 /* CurrencyNetwork.swift in Sources */,
				77313E4E2895B4D8000D1FA7 /* CurrencySelectionRouter.swift in Sources */,
				77313E962897AD11000D1FA7 /* SuccessRouter.swift in Sources */,
				77313E672895BBD6000D1FA7 /* String+Extensions.swift in Sources */,
			);
			runOnlyForDeploymentPostprocessing = 0;
		};
/* End PBXSourcesBuildPhase section */

/* Begin PBXVariantGroup section */
		77313E3D2895B163000D1FA7 /* LaunchScreen.storyboard */ = {
			isa = PBXVariantGroup;
			children = (
				77313E3E2895B163000D1FA7 /* Base */,
			);
			name = LaunchScreen.storyboard;
			sourceTree = "<group>";
		};
/* End PBXVariantGroup section */

/* Begin XCBuildConfiguration section */
		77313E412895B163000D1FA7 /* Debug */ = {
			isa = XCBuildConfiguration;
			buildSettings = {
				ALWAYS_SEARCH_USER_PATHS = NO;
				CLANG_ANALYZER_NONNULL = YES;
				CLANG_ANALYZER_NUMBER_OBJECT_CONVERSION = YES_AGGRESSIVE;
				CLANG_CXX_LANGUAGE_STANDARD = "gnu++17";
				CLANG_ENABLE_MODULES = YES;
				CLANG_ENABLE_OBJC_ARC = YES;
				CLANG_ENABLE_OBJC_WEAK = YES;
				CLANG_WARN_BLOCK_CAPTURE_AUTORELEASING = YES;
				CLANG_WARN_BOOL_CONVERSION = YES;
				CLANG_WARN_COMMA = YES;
				CLANG_WARN_CONSTANT_CONVERSION = YES;
				CLANG_WARN_DEPRECATED_OBJC_IMPLEMENTATIONS = YES;
				CLANG_WARN_DIRECT_OBJC_ISA_USAGE = YES_ERROR;
				CLANG_WARN_DOCUMENTATION_COMMENTS = YES;
				CLANG_WARN_EMPTY_BODY = YES;
				CLANG_WARN_ENUM_CONVERSION = YES;
				CLANG_WARN_INFINITE_RECURSION = YES;
				CLANG_WARN_INT_CONVERSION = YES;
				CLANG_WARN_NON_LITERAL_NULL_CONVERSION = YES;
				CLANG_WARN_OBJC_IMPLICIT_RETAIN_SELF = YES;
				CLANG_WARN_OBJC_LITERAL_CONVERSION = YES;
				CLANG_WARN_OBJC_ROOT_CLASS = YES_ERROR;
				CLANG_WARN_QUOTED_INCLUDE_IN_FRAMEWORK_HEADER = YES;
				CLANG_WARN_RANGE_LOOP_ANALYSIS = YES;
				CLANG_WARN_STRICT_PROTOTYPES = YES;
				CLANG_WARN_SUSPICIOUS_MOVE = YES;
				CLANG_WARN_UNGUARDED_AVAILABILITY = YES_AGGRESSIVE;
				CLANG_WARN_UNREACHABLE_CODE = YES;
				CLANG_WARN__DUPLICATE_METHOD_MATCH = YES;
				COPY_PHASE_STRIP = NO;
				DEBUG_INFORMATION_FORMAT = dwarf;
				ENABLE_STRICT_OBJC_MSGSEND = YES;
				ENABLE_TESTABILITY = YES;
				GCC_C_LANGUAGE_STANDARD = gnu11;
				GCC_DYNAMIC_NO_PIC = NO;
				GCC_NO_COMMON_BLOCKS = YES;
				GCC_OPTIMIZATION_LEVEL = 0;
				GCC_PREPROCESSOR_DEFINITIONS = (
					"DEBUG=1",
					"$(inherited)",
				);
				GCC_WARN_64_TO_32_BIT_CONVERSION = YES;
				GCC_WARN_ABOUT_RETURN_TYPE = YES_ERROR;
				GCC_WARN_UNDECLARED_SELECTOR = YES;
				GCC_WARN_UNINITIALIZED_AUTOS = YES_AGGRESSIVE;
				GCC_WARN_UNUSED_FUNCTION = YES;
				GCC_WARN_UNUSED_VARIABLE = YES;
				IPHONEOS_DEPLOYMENT_TARGET = 15.5;
				MTL_ENABLE_DEBUG_INFO = INCLUDE_SOURCE;
				MTL_FAST_MATH = YES;
				ONLY_ACTIVE_ARCH = YES;
				SDKROOT = iphoneos;
				SWIFT_ACTIVE_COMPILATION_CONDITIONS = DEBUG;
				SWIFT_OPTIMIZATION_LEVEL = "-Onone";
			};
			name = Debug;
		};
		77313E422895B163000D1FA7 /* Release */ = {
			isa = XCBuildConfiguration;
			buildSettings = {
				ALWAYS_SEARCH_USER_PATHS = NO;
				CLANG_ANALYZER_NONNULL = YES;
				CLANG_ANALYZER_NUMBER_OBJECT_CONVERSION = YES_AGGRESSIVE;
				CLANG_CXX_LANGUAGE_STANDARD = "gnu++17";
				CLANG_ENABLE_MODULES = YES;
				CLANG_ENABLE_OBJC_ARC = YES;
				CLANG_ENABLE_OBJC_WEAK = YES;
				CLANG_WARN_BLOCK_CAPTURE_AUTORELEASING = YES;
				CLANG_WARN_BOOL_CONVERSION = YES;
				CLANG_WARN_COMMA = YES;
				CLANG_WARN_CONSTANT_CONVERSION = YES;
				CLANG_WARN_DEPRECATED_OBJC_IMPLEMENTATIONS = YES;
				CLANG_WARN_DIRECT_OBJC_ISA_USAGE = YES_ERROR;
				CLANG_WARN_DOCUMENTATION_COMMENTS = YES;
				CLANG_WARN_EMPTY_BODY = YES;
				CLANG_WARN_ENUM_CONVERSION = YES;
				CLANG_WARN_INFINITE_RECURSION = YES;
				CLANG_WARN_INT_CONVERSION = YES;
				CLANG_WARN_NON_LITERAL_NULL_CONVERSION = YES;
				CLANG_WARN_OBJC_IMPLICIT_RETAIN_SELF = YES;
				CLANG_WARN_OBJC_LITERAL_CONVERSION = YES;
				CLANG_WARN_OBJC_ROOT_CLASS = YES_ERROR;
				CLANG_WARN_QUOTED_INCLUDE_IN_FRAMEWORK_HEADER = YES;
				CLANG_WARN_RANGE_LOOP_ANALYSIS = YES;
				CLANG_WARN_STRICT_PROTOTYPES = YES;
				CLANG_WARN_SUSPICIOUS_MOVE = YES;
				CLANG_WARN_UNGUARDED_AVAILABILITY = YES_AGGRESSIVE;
				CLANG_WARN_UNREACHABLE_CODE = YES;
				CLANG_WARN__DUPLICATE_METHOD_MATCH = YES;
				COPY_PHASE_STRIP = NO;
				DEBUG_INFORMATION_FORMAT = "dwarf-with-dsym";
				ENABLE_NS_ASSERTIONS = NO;
				ENABLE_STRICT_OBJC_MSGSEND = YES;
				GCC_C_LANGUAGE_STANDARD = gnu11;
				GCC_NO_COMMON_BLOCKS = YES;
				GCC_WARN_64_TO_32_BIT_CONVERSION = YES;
				GCC_WARN_ABOUT_RETURN_TYPE = YES_ERROR;
				GCC_WARN_UNDECLARED_SELECTOR = YES;
				GCC_WARN_UNINITIALIZED_AUTOS = YES_AGGRESSIVE;
				GCC_WARN_UNUSED_FUNCTION = YES;
				GCC_WARN_UNUSED_VARIABLE = YES;
				IPHONEOS_DEPLOYMENT_TARGET = 15.5;
				MTL_ENABLE_DEBUG_INFO = NO;
				MTL_FAST_MATH = YES;
				SDKROOT = iphoneos;
				SWIFT_COMPILATION_MODE = wholemodule;
				SWIFT_OPTIMIZATION_LEVEL = "-O";
				VALIDATE_PRODUCT = YES;
			};
			name = Release;
		};
		77313E442895B163000D1FA7 /* Debug */ = {
			isa = XCBuildConfiguration;
			buildSettings = {
				ASSETCATALOG_COMPILER_APPICON_NAME = AppIcon;
				ASSETCATALOG_COMPILER_GLOBAL_ACCENT_COLOR_NAME = AccentColor;
				CODE_SIGN_STYLE = Automatic;
				CURRENT_PROJECT_VERSION = 1;
				GENERATE_INFOPLIST_FILE = YES;
				INFOPLIST_FILE = HamiltonAssessmentTask/Info.plist;
				INFOPLIST_KEY_UIApplicationSupportsIndirectInputEvents = YES;
				INFOPLIST_KEY_UILaunchStoryboardName = LaunchScreen;
				INFOPLIST_KEY_UISupportedInterfaceOrientations_iPad = "UIInterfaceOrientationPortrait UIInterfaceOrientationPortraitUpsideDown UIInterfaceOrientationLandscapeLeft UIInterfaceOrientationLandscapeRight";
				INFOPLIST_KEY_UISupportedInterfaceOrientations_iPhone = "UIInterfaceOrientationPortrait UIInterfaceOrientationLandscapeLeft UIInterfaceOrientationLandscapeRight";
				LD_RUNPATH_SEARCH_PATHS = (
					"$(inherited)",
					"@executable_path/Frameworks",
				);
				MARKETING_VERSION = 1.0;
				PRODUCT_BUNDLE_IDENTIFIER = Hamilton.HamiltonAssessmentTask;
				PRODUCT_NAME = "$(TARGET_NAME)";
				SWIFT_EMIT_LOC_STRINGS = YES;
				SWIFT_VERSION = 5.0;
				TARGETED_DEVICE_FAMILY = "1,2";
			};
			name = Debug;
		};
		77313E452895B163000D1FA7 /* Release */ = {
			isa = XCBuildConfiguration;
			buildSettings = {
				ASSETCATALOG_COMPILER_APPICON_NAME = AppIcon;
				ASSETCATALOG_COMPILER_GLOBAL_ACCENT_COLOR_NAME = AccentColor;
				CODE_SIGN_STYLE = Automatic;
				CURRENT_PROJECT_VERSION = 1;
				GENERATE_INFOPLIST_FILE = YES;
				INFOPLIST_FILE = HamiltonAssessmentTask/Info.plist;
				INFOPLIST_KEY_UIApplicationSupportsIndirectInputEvents = YES;
				INFOPLIST_KEY_UILaunchStoryboardName = LaunchScreen;
				INFOPLIST_KEY_UISupportedInterfaceOrientations_iPad = "UIInterfaceOrientationPortrait UIInterfaceOrientationPortraitUpsideDown UIInterfaceOrientationLandscapeLeft UIInterfaceOrientationLandscapeRight";
				INFOPLIST_KEY_UISupportedInterfaceOrientations_iPhone = "UIInterfaceOrientationPortrait UIInterfaceOrientationLandscapeLeft UIInterfaceOrientationLandscapeRight";
				LD_RUNPATH_SEARCH_PATHS = (
					"$(inherited)",
					"@executable_path/Frameworks",
				);
				MARKETING_VERSION = 1.0;
				PRODUCT_BUNDLE_IDENTIFIER = Hamilton.HamiltonAssessmentTask;
				PRODUCT_NAME = "$(TARGET_NAME)";
				SWIFT_EMIT_LOC_STRINGS = YES;
				SWIFT_VERSION = 5.0;
				TARGETED_DEVICE_FAMILY = "1,2";
			};
			name = Release;
		};
/* End XCBuildConfiguration section */

/* Begin XCConfigurationList section */
		77313E2A2895B162000D1FA7 /* Build configuration list for PBXProject "HamiltonAssessmentTask" */ = {
			isa = XCConfigurationList;
			buildConfigurations = (
				77313E412895B163000D1FA7 /* Debug */,
				77313E422895B163000D1FA7 /* Release */,
			);
			defaultConfigurationIsVisible = 0;
			defaultConfigurationName = Release;
		};
		77313E432895B163000D1FA7 /* Build configuration list for PBXNativeTarget "HamiltonAssessmentTask" */ = {
			isa = XCConfigurationList;
			buildConfigurations = (
				77313E442895B163000D1FA7 /* Debug */,
				77313E452895B163000D1FA7 /* Release */,
			);
			defaultConfigurationIsVisible = 0;
			defaultConfigurationName = Release;
		};
/* End XCConfigurationList section */
	};
	rootObject = 77313E272895B162000D1FA7 /* Project object */;
}
